{
  "version": 4,
  "terraform_version": "1.2.7",
  "serial": 11,
  "lineage": "d244681d-62e0-ff02-95f7-6d4729419bb4",
  "outputs": {
    "project-folder_readme-content_47FE6A22": {
      "value": "# project-1 \n\nThis is a test project. \n\nThis project was generated by the CDKTF. \n\nThe project is located at /Users/bgpathak/Documents/AWS Blog Post/CDKTF with Terraform/app1/authors-projects/project-1",
      "type": "string"
    }
  },
  "resources": [
    {
      "mode": "managed",
      "type": "local_file",
      "name": "project-folder_readme-file_685F727F",
      "provider": "provider[\"registry.terraform.io/hashicorp/local\"]",
      "instances": [
        {
          "schema_version": 0,
          "attributes": {
            "content": "# project-1 \n\nThis is a test project. \n\nThis project was generated by the CDKTF. \n\nThe project is located at /Users/bgpathak/Documents/AWS Blog Post/CDKTF with Terraform/app1/authors-projects/project-1",
            "content_base64": null,
            "content_base64sha256": "X11noZEdd69YKz84WUrZT7p62Am98Sa0BQ4pHS+LNPc=",
            "content_base64sha512": "RpreNYBL175e630tWU/a0eqFdCrN65UuLoWENznsx1gZFokvesMe5v7DsbdzhpYayGkLXctgFfFo6IJ9fZMfEg==",
            "content_md5": "a87c814daf3f51997876266e9d73c2cf",
            "content_sha1": "a4591cfcb5248ec19982c85cf2829a52aeaca0f5",
            "content_sha256": "5f5d67a1911d77af582b3f38594ad94fba7ad809bdf126b4050e291d2f8b34f7",
            "content_sha512": "469ade35804bd7be5eeb7d2d594fdad1ea85742acdeb952e2e85843739ecc7581916892f7ac31ee6fec3b1b77386961ac8690b5dcb6015f168e8827d7d931f12",
            "directory_permission": "0777",
            "file_permission": "0777",
            "filename": "/Users/bgpathak/Documents/AWS Blog Post/CDKTF with Terraform/app1/authors-projects/project-1/README1.md",
            "id": "a4591cfcb5248ec19982c85cf2829a52aeaca0f5",
            "sensitive_content": null,
            "source": null
          },
          "sensitive_attributes": []
        }
      ]
    }
  ]
}
